
Microsoft Visual Studio Solution File, Format Version 12.00
# Visual Studio Version 17
VisualStudioVersion = 17.1.32210.238
MinimumVisualStudioVersion = 10.0.40219.1
Project("{8BC9CEB8-8B4A-11D0-8D11-00A0C91BC942}") = "AISnake", "AISnake.vcxproj", "{703E686D-014B-4658-B116-44AD407C76B4}"
EndProject
Global
	GlobalSection(SolutionConfigurationPlatforms) = preSolution
		Debug|x64 = Debug|x64
		Debug|x86 = Debug|x86
		Release|x64 = Release|x64
		Release|x86 = Release|x86
	EndGlobalSection
	GlobalSection(ProjectConfigurationPlatforms) = postSolution
		{703E686D-014B-4658-B116-44AD407C76B4}.Debug|x64.ActiveCfg = Debug|x64
		{703E686D-014B-4658-B116-44AD407C76B4}.Debug|x64.Build.0 = Debug|x64
		{703E686D-014B-4658-B116-44AD407C76B4}.Debug|x86.ActiveCfg = Debug|Win32
		{703E686D-014B-4658-B116-44AD407C76B4}.Debug|x86.Build.0 = Debug|Win32
		{703E686D-014B-4658-B116-44AD407C76B4}.Release|x64.ActiveCfg = Release|x64
		{703E686D-014B-4658-B116-44AD407C76B4}.Release|x64.Build.0 = Release|x64
		{703E686D-014B-4658-B116-44AD407C76B4}.Release|x86.ActiveCfg = Release|Win32
		{703E686D-014B-4658-B116-44AD407C76B4}.Release|x86.Build.0 = Release|Win32
	EndGlobalSection
	GlobalSection(SolutionProperties) = preSolution
		HideSolutionNode = FALSE
	EndGlobalSection
	GlobalSection(ExtensibilityGlobals) = postSolution
		SolutionGuid = {EDE344C2-7946-4561-A645-3F2B36EE0ADC}
	EndGlobalSection
EndGlobal
